// !$*UTF8*$!
{
	archiveVersion = 1;
	classes = {
	};
	objectVersion = 46;
	objects = {

/* Begin PBXBuildFile section */
		9B0DBDD91C4E2D7F00A43889 /* MOWord+CoreDataProperties.swift in Sources */ = {isa = PBXBuildFile; fileRef = 9B0DBDD81C4E2D7F00A43889 /* MOWord+CoreDataProperties.swift */; };
		9B0DBDDD1C5079FD00A43889 /* WordDefinitionTableViewController.swift in Sources */ = {isa = PBXBuildFile; fileRef = 9B0DBDDC1C5079FD00A43889 /* WordDefinitionTableViewController.swift */; };
		9B0DBDDF1C507AA300A43889 /* WordDefinitionHeaderView.swift in Sources */ = {isa = PBXBuildFile; fileRef = 9B0DBDDE1C507AA300A43889 /* WordDefinitionHeaderView.swift */; };
		9B0DBDE11C509CC900A43889 /* WordDetailTableViewCell.swift in Sources */ = {isa = PBXBuildFile; fileRef = 9B0DBDE01C509CC900A43889 /* WordDetailTableViewCell.swift */; };
		9B0DBDE31C50CC4F00A43889 /* UIViewController + AlertController.swift in Sources */ = {isa = PBXBuildFile; fileRef = 9B0DBDE21C50CC4F00A43889 /* UIViewController + AlertController.swift */; };
		9B0DBE051C51FCC900A43889 /* PaceLevelView.swift in Sources */ = {isa = PBXBuildFile; fileRef = 9B0DBE041C51FCC900A43889 /* PaceLevelView.swift */; };
		9B0DBE0B1C5200A800A43889 /* PaceLevelCollectionViewCell.swift in Sources */ = {isa = PBXBuildFile; fileRef = 9B0DBE091C5200A800A43889 /* PaceLevelCollectionViewCell.swift */; };
		9B0DBE0C1C5200A800A43889 /* PaceLevelCollectionViewCell.xib in Resources */ = {isa = PBXBuildFile; fileRef = 9B0DBE0A1C5200A800A43889 /* PaceLevelCollectionViewCell.xib */; };
		9B0DBE0E1C52093900A43889 /* PaceCardStackView.swift in Sources */ = {isa = PBXBuildFile; fileRef = 9B0DBE0D1C52093900A43889 /* PaceCardStackView.swift */; };
		9B0DBE111C53BF6000A43889 /* DefinitionDetailHeaderView.swift in Sources */ = {isa = PBXBuildFile; fileRef = 9B0DBE101C53BF6000A43889 /* DefinitionDetailHeaderView.swift */; };
		9B0DBE131C53BF6D00A43889 /* DefinitionDetailHeaderView.xib in Resources */ = {isa = PBXBuildFile; fileRef = 9B0DBE121C53BF6D00A43889 /* DefinitionDetailHeaderView.xib */; };
		9B1BD0571C228E1C00ED10AE /* AppDelegate.swift in Sources */ = {isa = PBXBuildFile; fileRef = 9B1BD0561C228E1C00ED10AE /* AppDelegate.swift */; };
		9B1BD05C1C228E1C00ED10AE /* Main.storyboard in Resources */ = {isa = PBXBuildFile; fileRef = 9B1BD05A1C228E1C00ED10AE /* Main.storyboard */; };
		9B1BD05F1C228E1C00ED10AE /* Pace.xcdatamodeld in Sources */ = {isa = PBXBuildFile; fileRef = 9B1BD05D1C228E1C00ED10AE /* Pace.xcdatamodeld */; };
		9B1BD0611C228E1C00ED10AE /* Assets.xcassets in Resources */ = {isa = PBXBuildFile; fileRef = 9B1BD0601C228E1C00ED10AE /* Assets.xcassets */; };
		9B1BD0641C228E1C00ED10AE /* LaunchScreen.storyboard in Resources */ = {isa = PBXBuildFile; fileRef = 9B1BD0621C228E1C00ED10AE /* LaunchScreen.storyboard */; };
		9B1BD06F1C228E1C00ED10AE /* PaceTests.swift in Sources */ = {isa = PBXBuildFile; fileRef = 9B1BD06E1C228E1C00ED10AE /* PaceTests.swift */; };
		9B1BD07A1C228E1C00ED10AE /* PaceUITests.swift in Sources */ = {isa = PBXBuildFile; fileRef = 9B1BD0791C228E1C00ED10AE /* PaceUITests.swift */; };
		9B3A063B1C4CAF4600DA88D0 /* PaceCardBackView.xib in Resources */ = {isa = PBXBuildFile; fileRef = 9B3A06381C4CAF4600DA88D0 /* PaceCardBackView.xib */; };
		9B3A063C1C4CAF4600DA88D0 /* PaceCardFrontView.xib in Resources */ = {isa = PBXBuildFile; fileRef = 9B3A06391C4CAF4600DA88D0 /* PaceCardFrontView.xib */; };
		9B3A063D1C4CAF4600DA88D0 /* PaceCardView.xib in Resources */ = {isa = PBXBuildFile; fileRef = 9B3A063A1C4CAF4600DA88D0 /* PaceCardView.xib */; };
		9B403A771C4B6297006B1010 /* MODefinition+CoreDataProperties.swift in Sources */ = {isa = PBXBuildFile; fileRef = 9B403A761C4B6297006B1010 /* MODefinition+CoreDataProperties.swift */; };
		9B5343DD1C3F89EF00AEF13E /* MODefinitionDetail+CoreDataProperties.swift in Sources */ = {isa = PBXBuildFile; fileRef = 9B5343D31C3F89EF00AEF13E /* MODefinitionDetail+CoreDataProperties.swift */; };
		9B5343DE1C3F89EF00AEF13E /* MODefinitionDetail.swift in Sources */ = {isa = PBXBuildFile; fileRef = 9B5343D41C3F89EF00AEF13E /* MODefinitionDetail.swift */; };
		9B5343DF1C3F89EF00AEF13E /* MODeck+CoreDataProperties.swift in Sources */ = {isa = PBXBuildFile; fileRef = 9B5343D51C3F89EF00AEF13E /* MODeck+CoreDataProperties.swift */; };
		9B5343E01C3F89EF00AEF13E /* MODeck.swift in Sources */ = {isa = PBXBuildFile; fileRef = 9B5343D61C3F89EF00AEF13E /* MODeck.swift */; };
		9B5343E11C3F89EF00AEF13E /* MOCard+CoreDataProperties.swift in Sources */ = {isa = PBXBuildFile; fileRef = 9B5343D71C3F89EF00AEF13E /* MOCard+CoreDataProperties.swift */; };
		9B5343E21C3F89EF00AEF13E /* MOCard.swift in Sources */ = {isa = PBXBuildFile; fileRef = 9B5343D81C3F89EF00AEF13E /* MOCard.swift */; };
		9B5343E41C3F89EF00AEF13E /* MODefinition.swift in Sources */ = {isa = PBXBuildFile; fileRef = 9B5343DA1C3F89EF00AEF13E /* MODefinition.swift */; };
		9B5343E61C3F89EF00AEF13E /* MOWord.swift in Sources */ = {isa = PBXBuildFile; fileRef = 9B5343DC1C3F89EF00AEF13E /* MOWord.swift */; };
		9B5BB3741C3ACA150075F1CD /* CenterCellCollectionViewFlowLayout.swift in Sources */ = {isa = PBXBuildFile; fileRef = 9B5BB3731C3ACA150075F1CD /* CenterCellCollectionViewFlowLayout.swift */; };
		9B66E7EC1C34D02500D429BA /* WordListViewController.swift in Sources */ = {isa = PBXBuildFile; fileRef = 9B66E7EB1C34D02500D429BA /* WordListViewController.swift */; };
		9B66E7F51C3903FC00D429BA /* WordViewController.swift in Sources */ = {isa = PBXBuildFile; fileRef = 9B66E7F41C3903FC00D429BA /* WordViewController.swift */; };
		9B66E7F71C39043900D429BA /* WordDefinitionsCollectionViewController.swift in Sources */ = {isa = PBXBuildFile; fileRef = 9B66E7F61C39043900D429BA /* WordDefinitionsCollectionViewController.swift */; };
		9B66E7FA1C3904A100D429BA /* DeckListTableViewController.swift in Sources */ = {isa = PBXBuildFile; fileRef = 9B66E7F91C3904A100D429BA /* DeckListTableViewController.swift */; };
		9B66E7FC1C3904C900D429BA /* DeckCardsTableViewController.swift in Sources */ = {isa = PBXBuildFile; fileRef = 9B66E7FB1C3904C900D429BA /* DeckCardsTableViewController.swift */; };
		9B66E81D1C3A264B00D429BA /* WordDefinitionCell.swift in Sources */ = {isa = PBXBuildFile; fileRef = 9B66E81C1C3A264B00D429BA /* WordDefinitionCell.swift */; };
		9B66E81F1C3A52F800D429BA /* PaceTabBarViewController.swift in Sources */ = {isa = PBXBuildFile; fileRef = 9B66E81E1C3A52F800D429BA /* PaceTabBarViewController.swift */; };
		9B9279D21C40E9640007296C /* UIColor + PaceTheme.swift in Sources */ = {isa = PBXBuildFile; fileRef = 9B9279D11C40E9640007296C /* UIColor + PaceTheme.swift */; };
		9B9279DA1C410E440007296C /* CardSelectionTableViewController.swift in Sources */ = {isa = PBXBuildFile; fileRef = 9B9279D91C410E440007296C /* CardSelectionTableViewController.swift */; };
		9B9279DC1C44A4BF0007296C /* PaceMainViewController.swift in Sources */ = {isa = PBXBuildFile; fileRef = 9B9279DB1C44A4BF0007296C /* PaceMainViewController.swift */; };
		9B9279DE1C44A4E20007296C /* PaceCardCollectionViewController.swift in Sources */ = {isa = PBXBuildFile; fileRef = 9B9279DD1C44A4E20007296C /* PaceCardCollectionViewController.swift */; };
		9B9279E21C4766970007296C /* PaceProficiencyCollectionViewCell.swift in Sources */ = {isa = PBXBuildFile; fileRef = 9B9279E11C4766970007296C /* PaceProficiencyCollectionViewCell.swift */; };
		9B9279E61C4770310007296C /* PaceLevelResultsController.swift in Sources */ = {isa = PBXBuildFile; fileRef = 9B9279E51C4770310007296C /* PaceLevelResultsController.swift */; };
		9B9279E81C47792D0007296C /* PaceProficiencyCollectionViewController.swift in Sources */ = {isa = PBXBuildFile; fileRef = 9B9279E71C47792D0007296C /* PaceProficiencyCollectionViewController.swift */; };
		9B9279F11C48B8C10007296C /* PaceCardView.swift in Sources */ = {isa = PBXBuildFile; fileRef = 9B9279F01C48B8C10007296C /* PaceCardView.swift */; };
		9B9279F51C48D7B70007296C /* PaceCardFrontView.swift in Sources */ = {isa = PBXBuildFile; fileRef = 9B9279F41C48D7B70007296C /* PaceCardFrontView.swift */; };
		9B9279F71C48D7C60007296C /* PaceCardBackView.swift in Sources */ = {isa = PBXBuildFile; fileRef = 9B9279F61C48D7C60007296C /* PaceCardBackView.swift */; };
		9B9279FD1C48E0DD0007296C /* PaceCardCollectionViewCell.swift in Sources */ = {isa = PBXBuildFile; fileRef = 9B9279FC1C48E0DD0007296C /* PaceCardCollectionViewCell.swift */; };
		9BE827EE1C338097002DB146 /* NSManagedObject + EntityName.swift in Sources */ = {isa = PBXBuildFile; fileRef = 9BE827ED1C338097002DB146 /* NSManagedObject + EntityName.swift */; };
		9BE827F61C3385A1002DB146 /* NSManagedObjectContext + ConvenientInsert.swift in Sources */ = {isa = PBXBuildFile; fileRef = 9BE827F51C3385A1002DB146 /* NSManagedObjectContext + ConvenientInsert.swift */; };
		9BEFF4CC1C290B68004F3AD1 /* Alamofire.framework in Frameworks */ = {isa = PBXBuildFile; fileRef = 9BEFF4BF1C290B22004F3AD1 /* Alamofire.framework */; };
		9BEFF4CD1C290B68004F3AD1 /* Alamofire.framework in Embed Frameworks */ = {isa = PBXBuildFile; fileRef = 9BEFF4BF1C290B22004F3AD1 /* Alamofire.framework */; settings = {ATTRIBUTES = (CodeSignOnCopy, RemoveHeadersOnCopy, ); }; };
		9BEFF5501C2D2B95004F3AD1 /* WordsApiManager.swift in Sources */ = {isa = PBXBuildFile; fileRef = 9BEFF54F1C2D2B95004F3AD1 /* WordsApiManager.swift */; };
		9BEFF5521C30DE5F004F3AD1 /* SegueHandlerType.swift in Sources */ = {isa = PBXBuildFile; fileRef = 9BEFF5511C30DE5F004F3AD1 /* SegueHandlerType.swift */; };
		9BEFF5571C31018C004F3AD1 /* DefinitionListViewModel.swift in Sources */ = {isa = PBXBuildFile; fileRef = 9BEFF5561C31018C004F3AD1 /* DefinitionListViewModel.swift */; };
		9BEFF55B1C3103A9004F3AD1 /* DefinitionDetailViewModel.swift in Sources */ = {isa = PBXBuildFile; fileRef = 9BEFF55A1C3103A9004F3AD1 /* DefinitionDetailViewModel.swift */; };
		9BEFF5861C3269F6004F3AD1 /* SwiftyJSON.swift in Sources */ = {isa = PBXBuildFile; fileRef = 9BEFF5851C3269F6004F3AD1 /* SwiftyJSON.swift */; };
/* End PBXBuildFile section */

/* Begin PBXContainerItemProxy section */
		9B1BD06B1C228E1C00ED10AE /* PBXContainerItemProxy */ = {
			isa = PBXContainerItemProxy;
			containerPortal = 9B1BD04B1C228E1C00ED10AE /* Project object */;
			proxyType = 1;
			remoteGlobalIDString = 9B1BD0521C228E1C00ED10AE;
			remoteInfo = Pace;
		};
		9B1BD0761C228E1C00ED10AE /* PBXContainerItemProxy */ = {
			isa = PBXContainerItemProxy;
			containerPortal = 9B1BD04B1C228E1C00ED10AE /* Project object */;
			proxyType = 1;
			remoteGlobalIDString = 9B1BD0521C228E1C00ED10AE;
			remoteInfo = Pace;
		};
		9BEFF4BE1C290B22004F3AD1 /* PBXContainerItemProxy */ = {
			isa = PBXContainerItemProxy;
			containerPortal = 9BEFF4B41C290B21004F3AD1 /* Alamofire.xcodeproj */;
			proxyType = 2;
			remoteGlobalIDString = F8111E3319A95C8B0040E7D1;
			remoteInfo = "Alamofire iOS";
		};
		9BEFF4C01C290B22004F3AD1 /* PBXContainerItemProxy */ = {
			isa = PBXContainerItemProxy;
			containerPortal = 9BEFF4B41C290B21004F3AD1 /* Alamofire.xcodeproj */;
			proxyType = 2;
			remoteGlobalIDString = F8111E3E19A95C8B0040E7D1;
			remoteInfo = "Alamofire iOS Tests";
		};
		9BEFF4C21C290B22004F3AD1 /* PBXContainerItemProxy */ = {
			isa = PBXContainerItemProxy;
			containerPortal = 9BEFF4B41C290B21004F3AD1 /* Alamofire.xcodeproj */;
			proxyType = 2;
			remoteGlobalIDString = 4DD67C0B1A5C55C900ED2280;
			remoteInfo = "Alamofire OSX";
		};
		9BEFF4C41C290B22004F3AD1 /* PBXContainerItemProxy */ = {
			isa = PBXContainerItemProxy;
			containerPortal = 9BEFF4B41C290B21004F3AD1 /* Alamofire.xcodeproj */;
			proxyType = 2;
			remoteGlobalIDString = F829C6B21A7A94F100A2CD59;
			remoteInfo = "Alamofire OSX Tests";
		};
		9BEFF4C61C290B22004F3AD1 /* PBXContainerItemProxy */ = {
			isa = PBXContainerItemProxy;
			containerPortal = 9BEFF4B41C290B21004F3AD1 /* Alamofire.xcodeproj */;
			proxyType = 2;
			remoteGlobalIDString = 4CF626EF1BA7CB3E0011A099;
			remoteInfo = "Alamofire tvOS";
		};
		9BEFF4C81C290B22004F3AD1 /* PBXContainerItemProxy */ = {
			isa = PBXContainerItemProxy;
			containerPortal = 9BEFF4B41C290B21004F3AD1 /* Alamofire.xcodeproj */;
			proxyType = 2;
			remoteGlobalIDString = 4CF626F81BA7CB3E0011A099;
			remoteInfo = "Alamofire tvOS Tests";
		};
		9BEFF4CA1C290B22004F3AD1 /* PBXContainerItemProxy */ = {
			isa = PBXContainerItemProxy;
			containerPortal = 9BEFF4B41C290B21004F3AD1 /* Alamofire.xcodeproj */;
			proxyType = 2;
			remoteGlobalIDString = E4202FE01B667AA100C997FB;
			remoteInfo = "Alamofire watchOS";
		};
		9BEFF4CE1C290B68004F3AD1 /* PBXContainerItemProxy */ = {
			isa = PBXContainerItemProxy;
			containerPortal = 9BEFF4B41C290B21004F3AD1 /* Alamofire.xcodeproj */;
			proxyType = 1;
			remoteGlobalIDString = F8111E3219A95C8B0040E7D1;
			remoteInfo = "Alamofire iOS";
		};
/* End PBXContainerItemProxy section */

/* Begin PBXCopyFilesBuildPhase section */
		9BEFF4D01C290B68004F3AD1 /* Embed Frameworks */ = {
			isa = PBXCopyFilesBuildPhase;
			buildActionMask = 2147483647;
			dstPath = "";
			dstSubfolderSpec = 10;
			files = (
				9BEFF4CD1C290B68004F3AD1 /* Alamofire.framework in Embed Frameworks */,
			);
			name = "Embed Frameworks";
			runOnlyForDeploymentPostprocessing = 0;
		};
/* End PBXCopyFilesBuildPhase section */

/* Begin PBXFileReference section */
		9B0DBDD81C4E2D7F00A43889 /* MOWord+CoreDataProperties.swift */ = {isa = PBXFileReference; fileEncoding = 4; lastKnownFileType = sourcecode.swift; path = "MOWord+CoreDataProperties.swift"; sourceTree = "<group>"; };
		9B0DBDDC1C5079FD00A43889 /* WordDefinitionTableViewController.swift */ = {isa = PBXFileReference; fileEncoding = 4; lastKnownFileType = sourcecode.swift; path = WordDefinitionTableViewController.swift; sourceTree = "<group>"; };
		9B0DBDDE1C507AA300A43889 /* WordDefinitionHeaderView.swift */ = {isa = PBXFileReference; fileEncoding = 4; lastKnownFileType = sourcecode.swift; path = WordDefinitionHeaderView.swift; sourceTree = "<group>"; };
		9B0DBDE01C509CC900A43889 /* WordDetailTableViewCell.swift */ = {isa = PBXFileReference; fileEncoding = 4; lastKnownFileType = sourcecode.swift; path = WordDetailTableViewCell.swift; sourceTree = "<group>"; };
		9B0DBDE21C50CC4F00A43889 /* UIViewController + AlertController.swift */ = {isa = PBXFileReference; fileEncoding = 4; lastKnownFileType = sourcecode.swift; path = "UIViewController + AlertController.swift"; sourceTree = "<group>"; };
		9B0DBE041C51FCC900A43889 /* PaceLevelView.swift */ = {isa = PBXFileReference; fileEncoding = 4; lastKnownFileType = sourcecode.swift; path = PaceLevelView.swift; sourceTree = "<group>"; };
		9B0DBE091C5200A800A43889 /* PaceLevelCollectionViewCell.swift */ = {isa = PBXFileReference; fileEncoding = 4; lastKnownFileType = sourcecode.swift; path = PaceLevelCollectionViewCell.swift; sourceTree = "<group>"; };
		9B0DBE0A1C5200A800A43889 /* PaceLevelCollectionViewCell.xib */ = {isa = PBXFileReference; fileEncoding = 4; lastKnownFileType = file.xib; path = PaceLevelCollectionViewCell.xib; sourceTree = "<group>"; };
		9B0DBE0D1C52093900A43889 /* PaceCardStackView.swift */ = {isa = PBXFileReference; fileEncoding = 4; lastKnownFileType = sourcecode.swift; path = PaceCardStackView.swift; sourceTree = "<group>"; };
		9B0DBE101C53BF6000A43889 /* DefinitionDetailHeaderView.swift */ = {isa = PBXFileReference; fileEncoding = 4; lastKnownFileType = sourcecode.swift; path = DefinitionDetailHeaderView.swift; sourceTree = "<group>"; };
		9B0DBE121C53BF6D00A43889 /* DefinitionDetailHeaderView.xib */ = {isa = PBXFileReference; fileEncoding = 4; lastKnownFileType = file.xib; path = DefinitionDetailHeaderView.xib; sourceTree = "<group>"; };
		9B1BD0531C228E1C00ED10AE /* Pace.app */ = {isa = PBXFileReference; explicitFileType = wrapper.application; includeInIndex = 0; path = Pace.app; sourceTree = BUILT_PRODUCTS_DIR; };
		9B1BD0561C228E1C00ED10AE /* AppDelegate.swift */ = {isa = PBXFileReference; lastKnownFileType = sourcecode.swift; path = AppDelegate.swift; sourceTree = "<group>"; };
		9B1BD05B1C228E1C00ED10AE /* Base */ = {isa = PBXFileReference; lastKnownFileType = file.storyboard; name = Base; path = Base.lproj/Main.storyboard; sourceTree = "<group>"; };
		9B1BD05E1C228E1C00ED10AE /* Pace.xcdatamodel */ = {isa = PBXFileReference; lastKnownFileType = wrapper.xcdatamodel; path = Pace.xcdatamodel; sourceTree = "<group>"; };
		9B1BD0601C228E1C00ED10AE /* Assets.xcassets */ = {isa = PBXFileReference; lastKnownFileType = folder.assetcatalog; path = Assets.xcassets; sourceTree = "<group>"; };
		9B1BD0631C228E1C00ED10AE /* Base */ = {isa = PBXFileReference; lastKnownFileType = file.storyboard; name = Base; path = Base.lproj/LaunchScreen.storyboard; sourceTree = "<group>"; };
		9B1BD0651C228E1C00ED10AE /* Info.plist */ = {isa = PBXFileReference; lastKnownFileType = text.plist.xml; path = Info.plist; sourceTree = "<group>"; };
		9B1BD06A1C228E1C00ED10AE /* PaceTests.xctest */ = {isa = PBXFileReference; explicitFileType = wrapper.cfbundle; includeInIndex = 0; path = PaceTests.xctest; sourceTree = BUILT_PRODUCTS_DIR; };
		9B1BD06E1C228E1C00ED10AE /* PaceTests.swift */ = {isa = PBXFileReference; lastKnownFileType = sourcecode.swift; path = PaceTests.swift; sourceTree = "<group>"; };
		9B1BD0701C228E1C00ED10AE /* Info.plist */ = {isa = PBXFileReference; lastKnownFileType = text.plist.xml; path = Info.plist; sourceTree = "<group>"; };
		9B1BD0751C228E1C00ED10AE /* PaceUITests.xctest */ = {isa = PBXFileReference; explicitFileType = wrapper.cfbundle; includeInIndex = 0; path = PaceUITests.xctest; sourceTree = BUILT_PRODUCTS_DIR; };
		9B1BD0791C228E1C00ED10AE /* PaceUITests.swift */ = {isa = PBXFileReference; lastKnownFileType = sourcecode.swift; path = PaceUITests.swift; sourceTree = "<group>"; };
		9B1BD07B1C228E1C00ED10AE /* Info.plist */ = {isa = PBXFileReference; lastKnownFileType = text.plist.xml; path = Info.plist; sourceTree = "<group>"; };
		9B3A06381C4CAF4600DA88D0 /* PaceCardBackView.xib */ = {isa = PBXFileReference; fileEncoding = 4; lastKnownFileType = file.xib; path = PaceCardBackView.xib; sourceTree = "<group>"; };
		9B3A06391C4CAF4600DA88D0 /* PaceCardFrontView.xib */ = {isa = PBXFileReference; fileEncoding = 4; lastKnownFileType = file.xib; path = PaceCardFrontView.xib; sourceTree = "<group>"; };
		9B3A063A1C4CAF4600DA88D0 /* PaceCardView.xib */ = {isa = PBXFileReference; fileEncoding = 4; lastKnownFileType = file.xib; path = PaceCardView.xib; sourceTree = "<group>"; };
		9B403A761C4B6297006B1010 /* MODefinition+CoreDataProperties.swift */ = {isa = PBXFileReference; fileEncoding = 4; lastKnownFileType = sourcecode.swift; path = "MODefinition+CoreDataProperties.swift"; sourceTree = "<group>"; };
		9B5343D31C3F89EF00AEF13E /* MODefinitionDetail+CoreDataProperties.swift */ = {isa = PBXFileReference; fileEncoding = 4; lastKnownFileType = sourcecode.swift; path = "MODefinitionDetail+CoreDataProperties.swift"; sourceTree = "<group>"; };
		9B5343D41C3F89EF00AEF13E /* MODefinitionDetail.swift */ = {isa = PBXFileReference; fileEncoding = 4; lastKnownFileType = sourcecode.swift; path = MODefinitionDetail.swift; sourceTree = "<group>"; };
		9B5343D51C3F89EF00AEF13E /* MODeck+CoreDataProperties.swift */ = {isa = PBXFileReference; fileEncoding = 4; lastKnownFileType = sourcecode.swift; path = "MODeck+CoreDataProperties.swift"; sourceTree = "<group>"; };
		9B5343D61C3F89EF00AEF13E /* MODeck.swift */ = {isa = PBXFileReference; fileEncoding = 4; lastKnownFileType = sourcecode.swift; path = MODeck.swift; sourceTree = "<group>"; };
		9B5343D71C3F89EF00AEF13E /* MOCard+CoreDataProperties.swift */ = {isa = PBXFileReference; fileEncoding = 4; lastKnownFileType = sourcecode.swift; path = "MOCard+CoreDataProperties.swift"; sourceTree = "<group>"; };
		9B5343D81C3F89EF00AEF13E /* MOCard.swift */ = {isa = PBXFileReference; fileEncoding = 4; lastKnownFileType = sourcecode.swift; path = MOCard.swift; sourceTree = "<group>"; };
		9B5343DA1C3F89EF00AEF13E /* MODefinition.swift */ = {isa = PBXFileReference; fileEncoding = 4; lastKnownFileType = sourcecode.swift; path = MODefinition.swift; sourceTree = "<group>"; };
		9B5343DC1C3F89EF00AEF13E /* MOWord.swift */ = {isa = PBXFileReference; fileEncoding = 4; lastKnownFileType = sourcecode.swift; path = MOWord.swift; sourceTree = "<group>"; };
		9B5BB3731C3ACA150075F1CD /* CenterCellCollectionViewFlowLayout.swift */ = {isa = PBXFileReference; fileEncoding = 4; lastKnownFileType = sourcecode.swift; path = CenterCellCollectionViewFlowLayout.swift; sourceTree = "<group>"; };
		9B66E7EB1C34D02500D429BA /* WordListViewController.swift */ = {isa = PBXFileReference; fileEncoding = 4; lastKnownFileType = sourcecode.swift; path = WordListViewController.swift; sourceTree = "<group>"; };
		9B66E7F41C3903FC00D429BA /* WordViewController.swift */ = {isa = PBXFileReference; fileEncoding = 4; lastKnownFileType = sourcecode.swift; path = WordViewController.swift; sourceTree = "<group>"; };
		9B66E7F61C39043900D429BA /* WordDefinitionsCollectionViewController.swift */ = {isa = PBXFileReference; fileEncoding = 4; lastKnownFileType = sourcecode.swift; path = WordDefinitionsCollectionViewController.swift; sourceTree = "<group>"; };
		9B66E7F91C3904A100D429BA /* DeckListTableViewController.swift */ = {isa = PBXFileReference; fileEncoding = 4; lastKnownFileType = sourcecode.swift; path = DeckListTableViewController.swift; sourceTree = "<group>"; };
		9B66E7FB1C3904C900D429BA /* DeckCardsTableViewController.swift */ = {isa = PBXFileReference; fileEncoding = 4; lastKnownFileType = sourcecode.swift; path = DeckCardsTableViewController.swift; sourceTree = "<group>"; };
		9B66E81C1C3A264B00D429BA /* WordDefinitionCell.swift */ = {isa = PBXFileReference; fileEncoding = 4; lastKnownFileType = sourcecode.swift; path = WordDefinitionCell.swift; sourceTree = "<group>"; };
		9B66E81E1C3A52F800D429BA /* PaceTabBarViewController.swift */ = {isa = PBXFileReference; fileEncoding = 4; lastKnownFileType = sourcecode.swift; path = PaceTabBarViewController.swift; sourceTree = "<group>"; };
		9B9279D11C40E9640007296C /* UIColor + PaceTheme.swift */ = {isa = PBXFileReference; fileEncoding = 4; lastKnownFileType = sourcecode.swift; path = "UIColor + PaceTheme.swift"; sourceTree = "<group>"; };
		9B9279D91C410E440007296C /* CardSelectionTableViewController.swift */ = {isa = PBXFileReference; fileEncoding = 4; lastKnownFileType = sourcecode.swift; path = CardSelectionTableViewController.swift; sourceTree = "<group>"; };
		9B9279DB1C44A4BF0007296C /* PaceMainViewController.swift */ = {isa = PBXFileReference; fileEncoding = 4; lastKnownFileType = sourcecode.swift; path = PaceMainViewController.swift; sourceTree = "<group>"; };
		9B9279DD1C44A4E20007296C /* PaceCardCollectionViewController.swift */ = {isa = PBXFileReference; fileEncoding = 4; lastKnownFileType = sourcecode.swift; path = PaceCardCollectionViewController.swift; sourceTree = "<group>"; };
		9B9279E11C4766970007296C /* PaceProficiencyCollectionViewCell.swift */ = {isa = PBXFileReference; fileEncoding = 4; lastKnownFileType = sourcecode.swift; path = PaceProficiencyCollectionViewCell.swift; sourceTree = "<group>"; };
		9B9279E51C4770310007296C /* PaceLevelResultsController.swift */ = {isa = PBXFileReference; fileEncoding = 4; lastKnownFileType = sourcecode.swift; path = PaceLevelResultsController.swift; sourceTree = "<group>"; };
		9B9279E71C47792D0007296C /* PaceProficiencyCollectionViewController.swift */ = {isa = PBXFileReference; fileEncoding = 4; lastKnownFileType = sourcecode.swift; path = PaceProficiencyCollectionViewController.swift; sourceTree = "<group>"; };
		9B9279F01C48B8C10007296C /* PaceCardView.swift */ = {isa = PBXFileReference; fileEncoding = 4; lastKnownFileType = sourcecode.swift; path = PaceCardView.swift; sourceTree = "<group>"; };
		9B9279F41C48D7B70007296C /* PaceCardFrontView.swift */ = {isa = PBXFileReference; fileEncoding = 4; lastKnownFileType = sourcecode.swift; path = PaceCardFrontView.swift; sourceTree = "<group>"; };
		9B9279F61C48D7C60007296C /* PaceCardBackView.swift */ = {isa = PBXFileReference; fileEncoding = 4; lastKnownFileType = sourcecode.swift; path = PaceCardBackView.swift; sourceTree = "<group>"; };
		9B9279FC1C48E0DD0007296C /* PaceCardCollectionViewCell.swift */ = {isa = PBXFileReference; fileEncoding = 4; lastKnownFileType = sourcecode.swift; path = PaceCardCollectionViewCell.swift; sourceTree = "<group>"; };
		9BE827ED1C338097002DB146 /* NSManagedObject + EntityName.swift */ = {isa = PBXFileReference; fileEncoding = 4; lastKnownFileType = sourcecode.swift; path = "NSManagedObject + EntityName.swift"; sourceTree = "<group>"; };
		9BE827F51C3385A1002DB146 /* NSManagedObjectContext + ConvenientInsert.swift */ = {isa = PBXFileReference; fileEncoding = 4; lastKnownFileType = sourcecode.swift; path = "NSManagedObjectContext + ConvenientInsert.swift"; sourceTree = "<group>"; };
		9BEFF4B41C290B21004F3AD1 /* Alamofire.xcodeproj */ = {isa = PBXFileReference; lastKnownFileType = "wrapper.pb-project"; name = Alamofire.xcodeproj; path = Alamofire/Alamofire.xcodeproj; sourceTree = "<group>"; };
		9BEFF54F1C2D2B95004F3AD1 /* WordsApiManager.swift */ = {isa = PBXFileReference; fileEncoding = 4; lastKnownFileType = sourcecode.swift; path = WordsApiManager.swift; sourceTree = "<group>"; };
		9BEFF5511C30DE5F004F3AD1 /* SegueHandlerType.swift */ = {isa = PBXFileReference; fileEncoding = 4; lastKnownFileType = sourcecode.swift; path = SegueHandlerType.swift; sourceTree = "<group>"; };
		9BEFF5561C31018C004F3AD1 /* DefinitionListViewModel.swift */ = {isa = PBXFileReference; fileEncoding = 4; lastKnownFileType = sourcecode.swift; path = DefinitionListViewModel.swift; sourceTree = "<group>"; };
		9BEFF55A1C3103A9004F3AD1 /* DefinitionDetailViewModel.swift */ = {isa = PBXFileReference; fileEncoding = 4; lastKnownFileType = sourcecode.swift; path = DefinitionDetailViewModel.swift; sourceTree = "<group>"; };
		9BEFF5851C3269F6004F3AD1 /* SwiftyJSON.swift */ = {isa = PBXFileReference; fileEncoding = 4; lastKnownFileType = sourcecode.swift; path = SwiftyJSON.swift; sourceTree = "<group>"; };
/* End PBXFileReference section */

/* Begin PBXFrameworksBuildPhase section */
		9B1BD0501C228E1C00ED10AE /* Frameworks */ = {
			isa = PBXFrameworksBuildPhase;
			buildActionMask = 2147483647;
			files = (
				9BEFF4CC1C290B68004F3AD1 /* Alamofire.framework in Frameworks */,
			);
			runOnlyForDeploymentPostprocessing = 0;
		};
		9B1BD0671C228E1C00ED10AE /* Frameworks */ = {
			isa = PBXFrameworksBuildPhase;
			buildActionMask = 2147483647;
			files = (
			);
			runOnlyForDeploymentPostprocessing = 0;
		};
		9B1BD0721C228E1C00ED10AE /* Frameworks */ = {
			isa = PBXFrameworksBuildPhase;
			buildActionMask = 2147483647;
			files = (
			);
			runOnlyForDeploymentPostprocessing = 0;
		};
/* End PBXFrameworksBuildPhase section */

/* Begin PBXGroup section */
		9B0DBE061C51FCCE00A43889 /* PaceLevelView */ = {
			isa = PBXGroup;
			children = (
				9B0DBE041C51FCC900A43889 /* PaceLevelView.swift */,
				9B0DBE0D1C52093900A43889 /* PaceCardStackView.swift */,
				9B0DBE091C5200A800A43889 /* PaceLevelCollectionViewCell.swift */,
				9B0DBE0A1C5200A800A43889 /* PaceLevelCollectionViewCell.xib */,
			);
			name = PaceLevelView;
			sourceTree = "<group>";
		};
		9B0DBE0F1C53BF3600A43889 /* DefinitionDetailHeaderView */ = {
			isa = PBXGroup;
			children = (
				9B0DBE101C53BF6000A43889 /* DefinitionDetailHeaderView.swift */,
				9B0DBE121C53BF6D00A43889 /* DefinitionDetailHeaderView.xib */,
			);
			name = DefinitionDetailHeaderView;
			sourceTree = "<group>";
		};
		9B1BD04A1C228E1C00ED10AE = {
			isa = PBXGroup;
			children = (
				9B5343D31C3F89EF00AEF13E /* MODefinitionDetail+CoreDataProperties.swift */,
				9B5343D41C3F89EF00AEF13E /* MODefinitionDetail.swift */,
				9B5343D51C3F89EF00AEF13E /* MODeck+CoreDataProperties.swift */,
				9B5343D61C3F89EF00AEF13E /* MODeck.swift */,
				9B5343D71C3F89EF00AEF13E /* MOCard+CoreDataProperties.swift */,
				9B5343D81C3F89EF00AEF13E /* MOCard.swift */,
				9B403A761C4B6297006B1010 /* MODefinition+CoreDataProperties.swift */,
				9B5343DA1C3F89EF00AEF13E /* MODefinition.swift */,
				9B0DBDD81C4E2D7F00A43889 /* MOWord+CoreDataProperties.swift */,
				9B5343DC1C3F89EF00AEF13E /* MOWord.swift */,
				9BEFF3F11C290AA7004F3AD1 /* Libraries */,
				9BEFF57C1C312068004F3AD1 /* ModelObject */,
				9BEFF5531C30DF45004F3AD1 /* Supporter */,
				9B1BD0551C228E1C00ED10AE /* Pace */,
				9B1BD06D1C228E1C00ED10AE /* PaceTests */,
				9B1BD0781C228E1C00ED10AE /* PaceUITests */,
				9B1BD0541C228E1C00ED10AE /* Products */,
			);
			sourceTree = "<group>";
		};
		9B1BD0541C228E1C00ED10AE /* Products */ = {
			isa = PBXGroup;
			children = (
				9B1BD0531C228E1C00ED10AE /* Pace.app */,
				9B1BD06A1C228E1C00ED10AE /* PaceTests.xctest */,
				9B1BD0751C228E1C00ED10AE /* PaceUITests.xctest */,
			);
			name = Products;
			sourceTree = "<group>";
		};
		9B1BD0551C228E1C00ED10AE /* Pace */ = {
			isa = PBXGroup;
			children = (
				9B1BD0561C228E1C00ED10AE /* AppDelegate.swift */,
				9B1BD05A1C228E1C00ED10AE /* Main.storyboard */,
				9BEFF5551C310158004F3AD1 /* ViewModel */,
				9BEFF5541C30DF5F004F3AD1 /* Controller */,
				9B1BD0601C228E1C00ED10AE /* Assets.xcassets */,
				9B1BD0621C228E1C00ED10AE /* LaunchScreen.storyboard */,
				9B1BD0651C228E1C00ED10AE /* Info.plist */,
				9B1BD05D1C228E1C00ED10AE /* Pace.xcdatamodeld */,
			);
			path = Pace;
			sourceTree = "<group>";
		};
		9B1BD06D1C228E1C00ED10AE /* PaceTests */ = {
			isa = PBXGroup;
			children = (
				9B1BD06E1C228E1C00ED10AE /* PaceTests.swift */,
				9B1BD0701C228E1C00ED10AE /* Info.plist */,
			);
			path = PaceTests;
			sourceTree = "<group>";
		};
		9B1BD0781C228E1C00ED10AE /* PaceUITests */ = {
			isa = PBXGroup;
			children = (
				9B1BD0791C228E1C00ED10AE /* PaceUITests.swift */,
				9B1BD07B1C228E1C00ED10AE /* Info.plist */,
			);
			path = PaceUITests;
			sourceTree = "<group>";
		};
		9B66E7F31C34D03E00D429BA /* Words */ = {
			isa = PBXGroup;
			children = (
				9B0DBE0F1C53BF3600A43889 /* DefinitionDetailHeaderView */,
				9B66E7EB1C34D02500D429BA /* WordListViewController.swift */,
				9B66E7F41C3903FC00D429BA /* WordViewController.swift */,
				9B66E7F61C39043900D429BA /* WordDefinitionsCollectionViewController.swift */,
				9B5BB3731C3ACA150075F1CD /* CenterCellCollectionViewFlowLayout.swift */,
				9B66E81C1C3A264B00D429BA /* WordDefinitionCell.swift */,
				9B0DBDDC1C5079FD00A43889 /* WordDefinitionTableViewController.swift */,
				9B0DBDE01C509CC900A43889 /* WordDetailTableViewCell.swift */,
				9B0DBDDE1C507AA300A43889 /* WordDefinitionHeaderView.swift */,
			);
			name = Words;
			sourceTree = "<group>";
		};
		9B66E7F81C39044B00D429BA /* Decks */ = {
			isa = PBXGroup;
			children = (
				9B66E7F91C3904A100D429BA /* DeckListTableViewController.swift */,
				9B66E7FB1C3904C900D429BA /* DeckCardsTableViewController.swift */,
				9B9279D91C410E440007296C /* CardSelectionTableViewController.swift */,
			);
			name = Decks;
			sourceTree = "<group>";
		};
		9B66E7FD1C3904E900D429BA /* Pace */ = {
			isa = PBXGroup;
			children = (
				9B0DBE061C51FCCE00A43889 /* PaceLevelView */,
				9B9279E91C489F150007296C /* CardCell */,
				9B9279DB1C44A4BF0007296C /* PaceMainViewController.swift */,
				9B9279E71C47792D0007296C /* PaceProficiencyCollectionViewController.swift */,
				9B9279E11C4766970007296C /* PaceProficiencyCollectionViewCell.swift */,
				9B9279DD1C44A4E20007296C /* PaceCardCollectionViewController.swift */,
				9B9279FC1C48E0DD0007296C /* PaceCardCollectionViewCell.swift */,
				9B9279E51C4770310007296C /* PaceLevelResultsController.swift */,
			);
			name = Pace;
			sourceTree = "<group>";
		};
		9B66E8201C3A5D8200D429BA /* TabBarController */ = {
			isa = PBXGroup;
			children = (
				9B66E81E1C3A52F800D429BA /* PaceTabBarViewController.swift */,
			);
			name = TabBarController;
			sourceTree = "<group>";
		};
		9B9279E91C489F150007296C /* CardCell */ = {
			isa = PBXGroup;
			children = (
				9B9279F01C48B8C10007296C /* PaceCardView.swift */,
				9B3A063A1C4CAF4600DA88D0 /* PaceCardView.xib */,
				9B9279F41C48D7B70007296C /* PaceCardFrontView.swift */,
				9B3A06391C4CAF4600DA88D0 /* PaceCardFrontView.xib */,
				9B9279F61C48D7C60007296C /* PaceCardBackView.swift */,
				9B3A06381C4CAF4600DA88D0 /* PaceCardBackView.xib */,
			);
			name = CardCell;
			sourceTree = "<group>";
		};
		9BEFF3F11C290AA7004F3AD1 /* Libraries */ = {
			isa = PBXGroup;
			children = (
				9BEFF5851C3269F6004F3AD1 /* SwiftyJSON.swift */,
				9BEFF4B41C290B21004F3AD1 /* Alamofire.xcodeproj */,
			);
			name = Libraries;
			sourceTree = "<group>";
		};
		9BEFF4B51C290B21004F3AD1 /* Products */ = {
			isa = PBXGroup;
			children = (
				9BEFF4BF1C290B22004F3AD1 /* Alamofire.framework */,
				9BEFF4C11C290B22004F3AD1 /* Alamofire iOS Tests.xctest */,
				9BEFF4C31C290B22004F3AD1 /* Alamofire.framework */,
				9BEFF4C51C290B22004F3AD1 /* Alamofire OSX Tests.xctest */,
				9BEFF4C71C290B22004F3AD1 /* Alamofire.framework */,
				9BEFF4C91C290B22004F3AD1 /* Alamofire tvOS Tests.xctest */,
				9BEFF4CB1C290B22004F3AD1 /* Alamofire.framework */,
			);
			name = Products;
			sourceTree = "<group>";
		};
		9BEFF5531C30DF45004F3AD1 /* Supporter */ = {
			isa = PBXGroup;
			children = (
				9BEFF54F1C2D2B95004F3AD1 /* WordsApiManager.swift */,
				9BEFF5511C30DE5F004F3AD1 /* SegueHandlerType.swift */,
				9B9279D11C40E9640007296C /* UIColor + PaceTheme.swift */,
				9B0DBDE21C50CC4F00A43889 /* UIViewController + AlertController.swift */,
			);
			name = Supporter;
			path = Pace;
			sourceTree = "<group>";
		};
		9BEFF5541C30DF5F004F3AD1 /* Controller */ = {
			isa = PBXGroup;
			children = (
				9B66E8201C3A5D8200D429BA /* TabBarController */,
				9B66E7FD1C3904E900D429BA /* Pace */,
				9B66E7F81C39044B00D429BA /* Decks */,
				9B66E7F31C34D03E00D429BA /* Words */,
			);
			name = Controller;
			sourceTree = "<group>";
		};
		9BEFF5551C310158004F3AD1 /* ViewModel */ = {
			isa = PBXGroup;
			children = (
				9BEFF5561C31018C004F3AD1 /* DefinitionListViewModel.swift */,
				9BEFF55A1C3103A9004F3AD1 /* DefinitionDetailViewModel.swift */,
			);
			name = ViewModel;
			sourceTree = "<group>";
		};
		9BEFF57C1C312068004F3AD1 /* ModelObject */ = {
			isa = PBXGroup;
			children = (
				9BE827ED1C338097002DB146 /* NSManagedObject + EntityName.swift */,
				9BE827F51C3385A1002DB146 /* NSManagedObjectContext + ConvenientInsert.swift */,
			);
			name = ModelObject;
			sourceTree = "<group>";
		};
/* End PBXGroup section */

/* Begin PBXNativeTarget section */
		9B1BD0521C228E1C00ED10AE /* Pace */ = {
			isa = PBXNativeTarget;
			buildConfigurationList = 9B1BD07E1C228E1C00ED10AE /* Build configuration list for PBXNativeTarget "Pace" */;
			buildPhases = (
				9B1BD04F1C228E1C00ED10AE /* Sources */,
				9B1BD0501C228E1C00ED10AE /* Frameworks */,
				9B1BD0511C228E1C00ED10AE /* Resources */,
				9BEFF4D01C290B68004F3AD1 /* Embed Frameworks */,
			);
			buildRules = (
			);
			dependencies = (
				9BEFF4CF1C290B68004F3AD1 /* PBXTargetDependency */,
			);
			name = Pace;
			productName = Pace;
			productReference = 9B1BD0531C228E1C00ED10AE /* Pace.app */;
			productType = "com.apple.product-type.application";
		};
		9B1BD0691C228E1C00ED10AE /* PaceTests */ = {
			isa = PBXNativeTarget;
			buildConfigurationList = 9B1BD0811C228E1C00ED10AE /* Build configuration list for PBXNativeTarget "PaceTests" */;
			buildPhases = (
				9B1BD0661C228E1C00ED10AE /* Sources */,
				9B1BD0671C228E1C00ED10AE /* Frameworks */,
				9B1BD0681C228E1C00ED10AE /* Resources */,
			);
			buildRules = (
			);
			dependencies = (
				9B1BD06C1C228E1C00ED10AE /* PBXTargetDependency */,
			);
			name = PaceTests;
			productName = PaceTests;
			productReference = 9B1BD06A1C228E1C00ED10AE /* PaceTests.xctest */;
			productType = "com.apple.product-type.bundle.unit-test";
		};
		9B1BD0741C228E1C00ED10AE /* PaceUITests */ = {
			isa = PBXNativeTarget;
			buildConfigurationList = 9B1BD0841C228E1C00ED10AE /* Build configuration list for PBXNativeTarget "PaceUITests" */;
			buildPhases = (
				9B1BD0711C228E1C00ED10AE /* Sources */,
				9B1BD0721C228E1C00ED10AE /* Frameworks */,
				9B1BD0731C228E1C00ED10AE /* Resources */,
			);
			buildRules = (
			);
			dependencies = (
				9B1BD0771C228E1C00ED10AE /* PBXTargetDependency */,
			);
			name = PaceUITests;
			productName = PaceUITests;
			productReference = 9B1BD0751C228E1C00ED10AE /* PaceUITests.xctest */;
			productType = "com.apple.product-type.bundle.ui-testing";
		};
/* End PBXNativeTarget section */

/* Begin PBXProject section */
		9B1BD04B1C228E1C00ED10AE /* Project object */ = {
			isa = PBXProject;
			attributes = {
				LastSwiftUpdateCheck = 0720;
				LastUpgradeCheck = 0720;
				ORGANIZATIONNAME = OALeeapp;
				TargetAttributes = {
					9B1BD0521C228E1C00ED10AE = {
						CreatedOnToolsVersion = 7.2;
						DevelopmentTeam = 7JP8NP67JM;
					};
					9B1BD0691C228E1C00ED10AE = {
						CreatedOnToolsVersion = 7.2;
						TestTargetID = 9B1BD0521C228E1C00ED10AE;
					};
					9B1BD0741C228E1C00ED10AE = {
						CreatedOnToolsVersion = 7.2;
						TestTargetID = 9B1BD0521C228E1C00ED10AE;
					};
				};
			};
			buildConfigurationList = 9B1BD04E1C228E1C00ED10AE /* Build configuration list for PBXProject "Pace" */;
			compatibilityVersion = "Xcode 3.2";
			developmentRegion = English;
			hasScannedForEncodings = 0;
			knownRegions = (
				en,
				Base,
			);
			mainGroup = 9B1BD04A1C228E1C00ED10AE;
			productRefGroup = 9B1BD0541C228E1C00ED10AE /* Products */;
			projectDirPath = "";
			projectReferences = (
				{
					ProductGroup = 9BEFF4B51C290B21004F3AD1 /* Products */;
					ProjectRef = 9BEFF4B41C290B21004F3AD1 /* Alamofire.xcodeproj */;
				},
			);
			projectRoot = "";
			targets = (
				9B1BD0521C228E1C00ED10AE /* Pace */,
				9B1BD0691C228E1C00ED10AE /* PaceTests */,
				9B1BD0741C228E1C00ED10AE /* PaceUITests */,
			);
		};
/* End PBXProject section */

/* Begin PBXReferenceProxy section */
		9BEFF4BF1C290B22004F3AD1 /* Alamofire.framework */ = {
			isa = PBXReferenceProxy;
			fileType = wrapper.framework;
			path = Alamofire.framework;
			remoteRef = 9BEFF4BE1C290B22004F3AD1 /* PBXContainerItemProxy */;
			sourceTree = BUILT_PRODUCTS_DIR;
		};
		9BEFF4C11C290B22004F3AD1 /* Alamofire iOS Tests.xctest */ = {
			isa = PBXReferenceProxy;
			fileType = wrapper.cfbundle;
			path = "Alamofire iOS Tests.xctest";
			remoteRef = 9BEFF4C01C290B22004F3AD1 /* PBXContainerItemProxy */;
			sourceTree = BUILT_PRODUCTS_DIR;
		};
		9BEFF4C31C290B22004F3AD1 /* Alamofire.framework */ = {
			isa = PBXReferenceProxy;
			fileType = wrapper.framework;
			path = Alamofire.framework;
			remoteRef = 9BEFF4C21C290B22004F3AD1 /* PBXContainerItemProxy */;
			sourceTree = BUILT_PRODUCTS_DIR;
		};
		9BEFF4C51C290B22004F3AD1 /* Alamofire OSX Tests.xctest */ = {
			isa = PBXReferenceProxy;
			fileType = wrapper.cfbundle;
			path = "Alamofire OSX Tests.xctest";
			remoteRef = 9BEFF4C41C290B22004F3AD1 /* PBXContainerItemProxy */;
			sourceTree = BUILT_PRODUCTS_DIR;
		};
		9BEFF4C71C290B22004F3AD1 /* Alamofire.framework */ = {
			isa = PBXReferenceProxy;
			fileType = wrapper.framework;
			path = Alamofire.framework;
			remoteRef = 9BEFF4C61C290B22004F3AD1 /* PBXContainerItemProxy */;
			sourceTree = BUILT_PRODUCTS_DIR;
		};
		9BEFF4C91C290B22004F3AD1 /* Alamofire tvOS Tests.xctest */ = {
			isa = PBXReferenceProxy;
			fileType = wrapper.cfbundle;
			path = "Alamofire tvOS Tests.xctest";
			remoteRef = 9BEFF4C81C290B22004F3AD1 /* PBXContainerItemProxy */;
			sourceTree = BUILT_PRODUCTS_DIR;
		};
		9BEFF4CB1C290B22004F3AD1 /* Alamofire.framework */ = {
			isa = PBXReferenceProxy;
			fileType = wrapper.framework;
			path = Alamofire.framework;
			remoteRef = 9BEFF4CA1C290B22004F3AD1 /* PBXContainerItemProxy */;
			sourceTree = BUILT_PRODUCTS_DIR;
		};
/* End PBXReferenceProxy section */

/* Begin PBXResourcesBuildPhase section */
		9B1BD0511C228E1C00ED10AE /* Resources */ = {
			isa = PBXResourcesBuildPhase;
			buildActionMask = 2147483647;
			files = (
				9B3A063B1C4CAF4600DA88D0 /* PaceCardBackView.xib in Resources */,
				9B1BD0641C228E1C00ED10AE /* LaunchScreen.storyboard in Resources */,
				9B3A063C1C4CAF4600DA88D0 /* PaceCardFrontView.xib in Resources */,
				9B1BD0611C228E1C00ED10AE /* Assets.xcassets in Resources */,
				9B1BD05C1C228E1C00ED10AE /* Main.storyboard in Resources */,
				9B0DBE0C1C5200A800A43889 /* PaceLevelCollectionViewCell.xib in Resources */,
				9B3A063D1C4CAF4600DA88D0 /* PaceCardView.xib in Resources */,
				9B0DBE131C53BF6D00A43889 /* DefinitionDetailHeaderView.xib in Resources */,
			);
			runOnlyForDeploymentPostprocessing = 0;
		};
		9B1BD0681C228E1C00ED10AE /* Resources */ = {
			isa = PBXResourcesBuildPhase;
			buildActionMask = 2147483647;
			files = (
			);
			runOnlyForDeploymentPostprocessing = 0;
		};
		9B1BD0731C228E1C00ED10AE /* Resources */ = {
			isa = PBXResourcesBuildPhase;
			buildActionMask = 2147483647;
			files = (
			);
			runOnlyForDeploymentPostprocessing = 0;
		};
/* End PBXResourcesBuildPhase section */

/* Begin PBXSourcesBuildPhase section */
		9B1BD04F1C228E1C00ED10AE /* Sources */ = {
			isa = PBXSourcesBuildPhase;
			buildActionMask = 2147483647;
			files = (
				9B66E7F71C39043900D429BA /* WordDefinitionsCollectionViewController.swift in Sources */,
				9B5343DD1C3F89EF00AEF13E /* MODefinitionDetail+CoreDataProperties.swift in Sources */,
				9B66E7FC1C3904C900D429BA /* DeckCardsTableViewController.swift in Sources */,
				9BEFF5861C3269F6004F3AD1 /* SwiftyJSON.swift in Sources */,
				9B0DBE0B1C5200A800A43889 /* PaceLevelCollectionViewCell.swift in Sources */,
				9B9279E81C47792D0007296C /* PaceProficiencyCollectionViewController.swift in Sources */,
				9B0DBE051C51FCC900A43889 /* PaceLevelView.swift in Sources */,
				9B5343E01C3F89EF00AEF13E /* MODeck.swift in Sources */,
				9B9279F11C48B8C10007296C /* PaceCardView.swift in Sources */,
				9B66E81D1C3A264B00D429BA /* WordDefinitionCell.swift in Sources */,
				9B5BB3741C3ACA150075F1CD /* CenterCellCollectionViewFlowLayout.swift in Sources */,
				9B9279E61C4770310007296C /* PaceLevelResultsController.swift in Sources */,
				9B0DBDDF1C507AA300A43889 /* WordDefinitionHeaderView.swift in Sources */,
				9BE827F61C3385A1002DB146 /* NSManagedObjectContext + ConvenientInsert.swift in Sources */,
				9B0DBDE11C509CC900A43889 /* WordDetailTableViewCell.swift in Sources */,
				9B9279D21C40E9640007296C /* UIColor + PaceTheme.swift in Sources */,
				9B66E7F51C3903FC00D429BA /* WordViewController.swift in Sources */,
				9B66E7EC1C34D02500D429BA /* WordListViewController.swift in Sources */,
				9B5343DE1C3F89EF00AEF13E /* MODefinitionDetail.swift in Sources */,
				9B9279FD1C48E0DD0007296C /* PaceCardCollectionViewCell.swift in Sources */,
				9B0DBE111C53BF6000A43889 /* DefinitionDetailHeaderView.swift in Sources */,
				9B9279DA1C410E440007296C /* CardSelectionTableViewController.swift in Sources */,
				9B66E7FA1C3904A100D429BA /* DeckListTableViewController.swift in Sources */,
				9BEFF5571C31018C004F3AD1 /* DefinitionListViewModel.swift in Sources */,
				9B9279F71C48D7C60007296C /* PaceCardBackView.swift in Sources */,
				9B0DBDDD1C5079FD00A43889 /* WordDefinitionTableViewController.swift in Sources */,
				9B0DBE0E1C52093900A43889 /* PaceCardStackView.swift in Sources */,
				9BEFF5501C2D2B95004F3AD1 /* WordsApiManager.swift in Sources */,
				9B1BD0571C228E1C00ED10AE /* AppDelegate.swift in Sources */,
				9B1BD05F1C228E1C00ED10AE /* Pace.xcdatamodeld in Sources */,
				9BEFF5521C30DE5F004F3AD1 /* SegueHandlerType.swift in Sources */,
				9B5343E21C3F89EF00AEF13E /* MOCard.swift in Sources */,
				9B9279F51C48D7B70007296C /* PaceCardFrontView.swift in Sources */,
				9B5343E41C3F89EF00AEF13E /* MODefinition.swift in Sources */,
				9B403A771C4B6297006B1010 /* MODefinition+CoreDataProperties.swift in Sources */,
				9BEFF55B1C3103A9004F3AD1 /* DefinitionDetailViewModel.swift in Sources */,
				9B0DBDD91C4E2D7F00A43889 /* MOWord+CoreDataProperties.swift in Sources */,
				9B5343DF1C3F89EF00AEF13E /* MODeck+CoreDataProperties.swift in Sources */,
				9B9279E21C4766970007296C /* PaceProficiencyCollectionViewCell.swift in Sources */,
				9B5343E11C3F89EF00AEF13E /* MOCard+CoreDataProperties.swift in Sources */,
				9B9279DC1C44A4BF0007296C /* PaceMainViewController.swift in Sources */,
				9BE827EE1C338097002DB146 /* NSManagedObject + EntityName.swift in Sources */,
				9B66E81F1C3A52F800D429BA /* PaceTabBarViewController.swift in Sources */,
				9B0DBDE31C50CC4F00A43889 /* UIViewController + AlertController.swift in Sources */,
				9B5343E61C3F89EF00AEF13E /* MOWord.swift in Sources */,
				9B9279DE1C44A4E20007296C /* PaceCardCollectionViewController.swift in Sources */,
			);
			runOnlyForDeploymentPostprocessing = 0;
		};
		9B1BD0661C228E1C00ED10AE /* Sources */ = {
			isa = PBXSourcesBuildPhase;
			buildActionMask = 2147483647;
			files = (
				9B1BD06F1C228E1C00ED10AE /* PaceTests.swift in Sources */,
			);
			runOnlyForDeploymentPostprocessing = 0;
		};
		9B1BD0711C228E1C00ED10AE /* Sources */ = {
			isa = PBXSourcesBuildPhase;
			buildActionMask = 2147483647;
			files = (
				9B1BD07A1C228E1C00ED10AE /* PaceUITests.swift in Sources */,
			);
			runOnlyForDeploymentPostprocessing = 0;
		};
/* End PBXSourcesBuildPhase section */

/* Begin PBXTargetDependency section */
		9B1BD06C1C228E1C00ED10AE /* PBXTargetDependency */ = {
			isa = PBXTargetDependency;
			target = 9B1BD0521C228E1C00ED10AE /* Pace */;
			targetProxy = 9B1BD06B1C228E1C00ED10AE /* PBXContainerItemProxy */;
		};
		9B1BD0771C228E1C00ED10AE /* PBXTargetDependency */ = {
			isa = PBXTargetDependency;
			target = 9B1BD0521C228E1C00ED10AE /* Pace */;
			targetProxy = 9B1BD0761C228E1C00ED10AE /* PBXContainerItemProxy */;
		};
		9BEFF4CF1C290B68004F3AD1 /* PBXTargetDependency */ = {
			isa = PBXTargetDependency;
			name = "Alamofire iOS";
			targetProxy = 9BEFF4CE1C290B68004F3AD1 /* PBXContainerItemProxy */;
		};
/* End PBXTargetDependency section */

/* Begin PBXVariantGroup section */
		9B1BD05A1C228E1C00ED10AE /* Main.storyboard */ = {
			isa = PBXVariantGroup;
			children = (
				9B1BD05B1C228E1C00ED10AE /* Base */,
			);
			name = Main.storyboard;
			sourceTree = "<group>";
		};
		9B1BD0621C228E1C00ED10AE /* LaunchScreen.storyboard */ = {
			isa = PBXVariantGroup;
			children = (
				9B1BD0631C228E1C00ED10AE /* Base */,
			);
			name = LaunchScreen.storyboard;
			sourceTree = "<group>";
		};
/* End PBXVariantGroup section */

/* Begin XCBuildConfiguration section */
		9B1BD07C1C228E1C00ED10AE /* Debug */ = {
			isa = XCBuildConfiguration;
			buildSettings = {
				ALWAYS_SEARCH_USER_PATHS = NO;
				CLANG_CXX_LANGUAGE_STANDARD = "gnu++0x";
				CLANG_CXX_LIBRARY = "libc++";
				CLANG_ENABLE_MODULES = YES;
				CLANG_ENABLE_OBJC_ARC = YES;
				CLANG_WARN_BOOL_CONVERSION = YES;
				CLANG_WARN_CONSTANT_CONVERSION = YES;
				CLANG_WARN_DIRECT_OBJC_ISA_USAGE = YES_ERROR;
				CLANG_WARN_EMPTY_BODY = YES;
				CLANG_WARN_ENUM_CONVERSION = YES;
				CLANG_WARN_INT_CONVERSION = YES;
				CLANG_WARN_OBJC_ROOT_CLASS = YES_ERROR;
				CLANG_WARN_UNREACHABLE_CODE = YES;
				CLANG_WARN__DUPLICATE_METHOD_MATCH = YES;
				"CODE_SIGN_IDENTITY[sdk=iphoneos*]" = "iPhone Developer";
				COPY_PHASE_STRIP = NO;
				DEBUG_INFORMATION_FORMAT = dwarf;
				ENABLE_STRICT_OBJC_MSGSEND = YES;
				ENABLE_TESTABILITY = YES;
				GCC_C_LANGUAGE_STANDARD = gnu99;
				GCC_DYNAMIC_NO_PIC = NO;
				GCC_NO_COMMON_BLOCKS = YES;
				GCC_OPTIMIZATION_LEVEL = 0;
				GCC_PREPROCESSOR_DEFINITIONS = (
					"DEBUG=1",
					"$(inherited)",
				);
				GCC_WARN_64_TO_32_BIT_CONVERSION = YES;
				GCC_WARN_ABOUT_RETURN_TYPE = YES_ERROR;
				GCC_WARN_UNDECLARED_SELECTOR = YES;
				GCC_WARN_UNINITIALIZED_AUTOS = YES_AGGRESSIVE;
				GCC_WARN_UNUSED_FUNCTION = YES;
				GCC_WARN_UNUSED_VARIABLE = YES;
				IPHONEOS_DEPLOYMENT_TARGET = 9.0;
				MTL_ENABLE_DEBUG_INFO = YES;
				ONLY_ACTIVE_ARCH = YES;
				SDKROOT = iphoneos;
				SWIFT_OPTIMIZATION_LEVEL = "-Onone";
				TARGETED_DEVICE_FAMILY = "1,2";
			};
			name = Debug;
		};
		9B1BD07D1C228E1C00ED10AE /* Release */ = {
			isa = XCBuildConfiguration;
			buildSettings = {
				ALWAYS_SEARCH_USER_PATHS = NO;
				CLANG_CXX_LANGUAGE_STANDARD = "gnu++0x";
				CLANG_CXX_LIBRARY = "libc++";
				CLANG_ENABLE_MODULES = YES;
				CLANG_ENABLE_OBJC_ARC = YES;
				CLANG_WARN_BOOL_CONVERSION = YES;
				CLANG_WARN_CONSTANT_CONVERSION = YES;
				CLANG_WARN_DIRECT_OBJC_ISA_USAGE = YES_ERROR;
				CLANG_WARN_EMPTY_BODY = YES;
				CLANG_WARN_ENUM_CONVERSION = YES;
				CLANG_WARN_INT_CONVERSION = YES;
				CLANG_WARN_OBJC_ROOT_CLASS = YES_ERROR;
				CLANG_WARN_UNREACHABLE_CODE = YES;
				CLANG_WARN__DUPLICATE_METHOD_MATCH = YES;
				"CODE_SIGN_IDENTITY[sdk=iphoneos*]" = "iPhone Developer";
				COPY_PHASE_STRIP = NO;
				DEBUG_INFORMATION_FORMAT = "dwarf-with-dsym";
				ENABLE_NS_ASSERTIONS = NO;
				ENABLE_STRICT_OBJC_MSGSEND = YES;
				GCC_C_LANGUAGE_STANDARD = gnu99;
				GCC_NO_COMMON_BLOCKS = YES;
				GCC_WARN_64_TO_32_BIT_CONVERSION = YES;
				GCC_WARN_ABOUT_RETURN_TYPE = YES_ERROR;
				GCC_WARN_UNDECLARED_SELECTOR = YES;
				GCC_WARN_UNINITIALIZED_AUTOS = YES_AGGRESSIVE;
				GCC_WARN_UNUSED_FUNCTION = YES;
				GCC_WARN_UNUSED_VARIABLE = YES;
				IPHONEOS_DEPLOYMENT_TARGET = 9.0;
				MTL_ENABLE_DEBUG_INFO = NO;
				SDKROOT = iphoneos;
				TARGETED_DEVICE_FAMILY = "1,2";
				VALIDATE_PRODUCT = YES;
			};
			name = Release;
		};
		9B1BD07F1C228E1C00ED10AE /* Debug */ = {
			isa = XCBuildConfiguration;
			buildSettings = {
				ASSETCATALOG_COMPILER_APPICON_NAME = AppIcon;
				ASSETCATALOG_COMPILER_LAUNCHIMAGE_NAME = LaunchImage;
				CODE_SIGN_IDENTITY = "iPhone Developer";
				EMBEDDED_CONTENT_CONTAINS_SWIFT = YES;
				INFOPLIST_FILE = Pace/Info.plist;
				IPHONEOS_DEPLOYMENT_TARGET = 9.0;
				LD_RUNPATH_SEARCH_PATHS = "$(inherited) @executable_path/Frameworks";
				PRODUCT_BUNDLE_IDENTIFIER = com.OALee.Pace;
				PRODUCT_NAME = "$(TARGET_NAME)";
				TARGETED_DEVICE_FAMILY = "1,2";
			};
			name = Debug;
		};
		9B1BD0801C228E1C00ED10AE /* Release */ = {
			isa = XCBuildConfiguration;
			buildSettings = {
				ASSETCATALOG_COMPILER_APPICON_NAME = AppIcon;
				ASSETCATALOG_COMPILER_LAUNCHIMAGE_NAME = LaunchImage;
				CODE_SIGN_IDENTITY = "iPhone Developer";
				EMBEDDED_CONTENT_CONTAINS_SWIFT = YES;
				INFOPLIST_FILE = Pace/Info.plist;
				IPHONEOS_DEPLOYMENT_TARGET = 9.0;
				LD_RUNPATH_SEARCH_PATHS = "$(inherited) @executable_path/Frameworks";
				PRODUCT_BUNDLE_IDENTIFIER = com.OALee.Pace;
				PRODUCT_NAME = "$(TARGET_NAME)";
				TARGETED_DEVICE_FAMILY = "1,2";
			};
			name = Release;
		};
		9B1BD0821C228E1C00ED10AE /* Debug */ = {
			isa = XCBuildConfiguration;
			buildSettings = {
				BUNDLE_LOADER = "$(TEST_HOST)";
				INFOPLIST_FILE = PaceTests/Info.plist;
				LD_RUNPATH_SEARCH_PATHS = "$(inherited) @executable_path/Frameworks @loader_path/Frameworks";
				PRODUCT_BUNDLE_IDENTIFIER = com.OALee.PaceTests;
				PRODUCT_NAME = "$(TARGET_NAME)";
				TEST_HOST = "$(BUILT_PRODUCTS_DIR)/Pace.app/Pace";
			};
			name = Debug;
		};
		9B1BD0831C228E1C00ED10AE /* Release */ = {
			isa = XCBuildConfiguration;
			buildSettings = {
				BUNDLE_LOADER = "$(TEST_HOST)";
				INFOPLIST_FILE = PaceTests/Info.plist;
				LD_RUNPATH_SEARCH_PATHS = "$(inherited) @executable_path/Frameworks @loader_path/Frameworks";
				PRODUCT_BUNDLE_IDENTIFIER = com.OALee.PaceTests;
				PRODUCT_NAME = "$(TARGET_NAME)";
				TEST_HOST = "$(BUILT_PRODUCTS_DIR)/Pace.app/Pace";
			};
			name = Release;
		};
		9B1BD0851C228E1C00ED10AE /* Debug */ = {
			isa = XCBuildConfiguration;
			buildSettings = {
				INFOPLIST_FILE = PaceUITests/Info.plist;
				LD_RUNPATH_SEARCH_PATHS = "$(inherited) @executable_path/Frameworks @loader_path/Frameworks";
				PRODUCT_BUNDLE_IDENTIFIER = com.OALee.PaceUITests;
				PRODUCT_NAME = "$(TARGET_NAME)";
				TEST_TARGET_NAME = Pace;
				USES_XCTRUNNER = YES;
			};
			name = Debug;
		};
		9B1BD0861C228E1C00ED10AE /* Release */ = {
			isa = XCBuildConfiguration;
			buildSettings = {
				INFOPLIST_FILE = PaceUITests/Info.plist;
				LD_RUNPATH_SEARCH_PATHS = "$(inherited) @executable_path/Frameworks @loader_path/Frameworks";
				PRODUCT_BUNDLE_IDENTIFIER = com.OALee.PaceUITests;
				PRODUCT_NAME = "$(TARGET_NAME)";
				TEST_TARGET_NAME = Pace;
				USES_XCTRUNNER = YES;
			};
			name = Release;
		};
/* End XCBuildConfiguration section */

/* Begin XCConfigurationList section */
		9B1BD04E1C228E1C00ED10AE /* Build configuration list for PBXProject "Pace" */ = {
			isa = XCConfigurationList;
			buildConfigurations = (
				9B1BD07C1C228E1C00ED10AE /* Debug */,
				9B1BD07D1C228E1C00ED10AE /* Release */,
			);
			defaultConfigurationIsVisible = 0;
			defaultConfigurationName = Release;
		};
		9B1BD07E1C228E1C00ED10AE /* Build configuration list for PBXNativeTarget "Pace" */ = {
			isa = XCConfigurationList;
			buildConfigurations = (
				9B1BD07F1C228E1C00ED10AE /* Debug */,
				9B1BD0801C228E1C00ED10AE /* Release */,
			);
			defaultConfigurationIsVisible = 0;
			defaultConfigurationName = Release;
		};
		9B1BD0811C228E1C00ED10AE /* Build configuration list for PBXNativeTarget "PaceTests" */ = {
			isa = XCConfigurationList;
			buildConfigurations = (
				9B1BD0821C228E1C00ED10AE /* Debug */,
				9B1BD0831C228E1C00ED10AE /* Release */,
			);
			defaultConfigurationIsVisible = 0;
			defaultConfigurationName = Release;
		};
		9B1BD0841C228E1C00ED10AE /* Build configuration list for PBXNativeTarget "PaceUITests" */ = {
			isa = XCConfigurationList;
			buildConfigurations = (
				9B1BD0851C228E1C00ED10AE /* Debug */,
				9B1BD0861C228E1C00ED10AE /* Release */,
			);
			defaultConfigurationIsVisible = 0;
			defaultConfigurationName = Release;
		};
/* End XCConfigurationList section */

/* Begin XCVersionGroup section */
		9B1BD05D1C228E1C00ED10AE /* Pace.xcdatamodeld */ = {
			isa = XCVersionGroup;
			children = (
				9B1BD05E1C228E1C00ED10AE /* Pace.xcdatamodel */,
			);
			currentVersion = 9B1BD05E1C228E1C00ED10AE /* Pace.xcdatamodel */;
			path = Pace.xcdatamodeld;
			sourceTree = "<group>";
			versionGroupType = wrapper.xcdatamodel;
		};
/* End XCVersionGroup section */
	};
	rootObject = 9B1BD04B1C228E1C00ED10AE /* Project object */;
}
